{
    "_readme": [
        "This file locks the dependencies of your project to a known state",
        "Read more about it at http://getcomposer.org/doc/01-basic-usage.md#composer-lock-the-lock-file"
    ],
    "hash": "c138d68d3a142029c57aba4da77e3bfc",
    "packages": [
        {
            "name": "gordalina/easypay-php",
            "version": "0.0.1",
            "source": {
                "type": "git",
                "url": "https://github.com/gordalina/easypay-php.git",
                "reference": "c7cf31798cda53a1203cbf6a8c2d09318dbbe22a"
            },
            "dist": {
                "type": "zip",
                "url": "https://api.github.com/repos/gordalina/easypay-php/zipball/c7cf31798cda53a1203cbf6a8c2d09318dbbe22a",
                "reference": "c7cf31798cda53a1203cbf6a8c2d09318dbbe22a",
                "shasum": ""
            },
            "require": {
                "kriswallsmith/buzz": "@stable",
                "php": ">=5.3.3"
            },
            "require-dev": {
                "phpunit/phpunit": "@stable"
            },
            "type": "library",
            "autoload": {
                "psr-0": {
                    "Gordalina\\Easypay": "src/"
                }
            },
            "notification-url": "https://packagist.org/downloads/",
            "license": [
                "MIT"
            ],
            "authors": [
                {
                    "name": "gordalina",
                    "email": "samuel.gordalina@gmail.com"
                }
            ],
            "description": "PHP library to communicate with easypay.pt API",
            "homepage": "https://github.com/gordalina/easypay-php",
            "keywords": [
                "easypay"
            ],
            "time": "2013-10-29 20:03:29"
        },
        {
            "name": "kriswallsmith/buzz",
            "version": "v0.10",
            "source": {
                "type": "git",
                "url": "https://github.com/kriswallsmith/Buzz.git",
                "reference": "759432d66387e3433d3b06cb6f773b97225b9b17"
            },
            "dist": {
                "type": "zip",
                "url": "https://api.github.com/repos/kriswallsmith/Buzz/zipball/759432d66387e3433d3b06cb6f773b97225b9b17",
                "reference": "759432d66387e3433d3b06cb6f773b97225b9b17",
                "shasum": ""
            },
            "require": {
                "php": ">=5.3.0"
            },
            "require-dev": {
                "phpunit/phpunit": "3.7.*"
            },
            "suggest": {
                "ext-curl": "*"
            },
            "type": "library",
            "autoload": {
                "psr-0": {
                    "Buzz": "lib/"
                }
            },
            "notification-url": "https://packagist.org/downloads/",
            "license": [
                "MIT"
            ],
            "authors": [
                {
                    "name": "Kris Wallsmith",
                    "email": "kris.wallsmith@gmail.com",
                    "homepage": "http://kriswallsmith.net/"
                }
            ],
            "description": "Lightweight HTTP client",
            "homepage": "https://github.com/kriswallsmith/Buzz",
            "keywords": [
                "curl",
                "http client"
            ],
            "time": "2013-05-19 03:41:15"
        }
    ],
    "packages-dev": [

    ],
    "aliases": [

    ],
    "minimum-stability": "stable",
    "stability-flags": [

    ],
    "platform": [

    ],
    "platform-dev": [

    ]
}
